
Microsoft Visual Studio Solution File, Format Version 12.00
# Visual Studio Version 17
VisualStudioVersion = 17.0.31912.275
MinimumVisualStudioVersion = 10.0.40219.1
Project("{FAE04EC0-301F-11D3-BF4B-00C04F79EFBC}") = "BlogFinal", "BlogFinal.csproj", "{20801F13-A5AF-475C-88C7-0EFA8D784E0A}"
EndProject
Global
	GlobalSection(SolutionConfigurationPlatforms) = preSolution
		Debug|Any CPU = Debug|Any CPU
		Release|Any CPU = Release|Any CPU
	EndGlobalSection
	GlobalSection(ProjectConfigurationPlatforms) = postSolution
		{20801F13-A5AF-475C-88C7-0EFA8D784E0A}.Debug|Any CPU.ActiveCfg = Debug|Any CPU
		{20801F13-A5AF-475C-88C7-0EFA8D784E0A}.Debug|Any CPU.Build.0 = Debug|Any CPU
		{20801F13-A5AF-475C-88C7-0EFA8D784E0A}.Release|Any CPU.ActiveCfg = Release|Any CPU
		{20801F13-A5AF-475C-88C7-0EFA8D784E0A}.Release|Any CPU.Build.0 = Release|Any CPU
	EndGlobalSection
	GlobalSection(SolutionProperties) = preSolution
		HideSolutionNode = FALSE
	EndGlobalSection
	GlobalSection(ExtensibilityGlobals) = postSolution
		SolutionGuid = {01401FA2-120B-49CB-9893-D94FA9F052A1}
	EndGlobalSection
EndGlobal
